
Microsoft Visual Studio Solution File, Format Version 12.00
# Visual Studio Version 16
VisualStudioVersion = 16.0.29020.237
MinimumVisualStudioVersion = 10.0.40219.1
Project("{9A19103F-16F7-4668-BE54-9A1E7A4F7556}") = "vue-aspvalidate", "server\vue-aspvalidate.csproj", "{83C4F227-3D1B-461D-88DC-DF581119B694}"
EndProject
Project("{FAE04EC0-301F-11D3-BF4B-00C04F79EFBC}") = "server-tester", "server-tester\server-tester.csproj", "{43D9F72D-7F89-4112-8C18-B99458DA8F33}"
EndProject
Global
	GlobalSection(SolutionConfigurationPlatforms) = preSolution
		Debug|Any CPU = Debug|Any CPU
		Release|Any CPU = Release|Any CPU
	EndGlobalSection
	GlobalSection(ProjectConfigurationPlatforms) = postSolution
		{83C4F227-3D1B-461D-88DC-DF581119B694}.Debug|Any CPU.ActiveCfg = Debug|Any CPU
		{83C4F227-3D1B-461D-88DC-DF581119B694}.Debug|Any CPU.Build.0 = Debug|Any CPU
		{83C4F227-3D1B-461D-88DC-DF581119B694}.Release|Any CPU.ActiveCfg = Release|Any CPU
		{83C4F227-3D1B-461D-88DC-DF581119B694}.Release|Any CPU.Build.0 = Release|Any CPU
		{43D9F72D-7F89-4112-8C18-B99458DA8F33}.Debug|Any CPU.ActiveCfg = Debug|Any CPU
		{43D9F72D-7F89-4112-8C18-B99458DA8F33}.Debug|Any CPU.Build.0 = Debug|Any CPU
		{43D9F72D-7F89-4112-8C18-B99458DA8F33}.Release|Any CPU.ActiveCfg = Release|Any CPU
		{43D9F72D-7F89-4112-8C18-B99458DA8F33}.Release|Any CPU.Build.0 = Release|Any CPU
	EndGlobalSection
	GlobalSection(SolutionProperties) = preSolution
		HideSolutionNode = FALSE
	EndGlobalSection
	GlobalSection(ExtensibilityGlobals) = postSolution
		SolutionGuid = {5934C9C5-29A4-49B1-9325-72379D3CDB31}
	EndGlobalSection
EndGlobal
